// !$*UTF8*$!
{
	archiveVersion = 1;
	classes = {
	};
	objectVersion = 77;
	objects = {

/* Begin PBXBuildFile section */
		EBF80B5F2FAEABCE00BB132E /* WidgetKit.framework in Frameworks */ = {isa = PBXBuildFile; fileRef = EBF80B5E2FAEABCE00BB132E /* WidgetKit.framework */; };
		EBF80B612FAEABCE00BB132E /* SwiftUI.framework in Frameworks */ = {isa = PBXBuildFile; fileRef = EBF80B602FAEABCE00BB132E /* SwiftUI.framework */; };
		EBF80B702FAEABD000BB132E /* ClaudeStatusWidgetExtension.appex in Embed Foundation Extensions */ = {isa = PBXBuildFile; fileRef = EBF80B5C2FAEABCE00BB132E /* ClaudeStatusWidgetExtension.appex */; settings = {ATTRIBUTES = (RemoveHeadersOnCopy, ); }; };
		EBF80B782FAEB0FE00BB132E /* ClaudeStatusCore in Frameworks */ = {isa = PBXBuildFile; productRef = EBF80B772FAEB0FE00BB132E /* ClaudeStatusCore */; };
		EBF80B7A2FAEB14A00BB132E /* ClaudeStatusCore in Frameworks */ = {isa = PBXBuildFile; productRef = EBF80B792FAEB14A00BB132E /* ClaudeStatusCore */; };
		EBF80B812FAEC40B00BB132E /* Sparkle in Frameworks */ = {isa = PBXBuildFile; productRef = EBF80B802FAEC40B00BB132E /* Sparkle */; };
/* End PBXBuildFile section */

/* Begin PBXContainerItemProxy section */
		EBF80B6E2FAEABD000BB132E /* PBXContainerItemProxy */ = {
			isa = PBXContainerItemProxy;
			containerPortal = EBF80B422FAEA92300BB132E /* Project object */;
			proxyType = 1;
			remoteGlobalIDString = EBF80B5B2FAEABCE00BB132E;
			remoteInfo = ClaudeStatusWidgetExtension;
		};
/* End PBXContainerItemProxy section */

/* Begin PBXCopyFilesBuildPhase section */
		EBF80B752FAEABD000BB132E /* Embed Foundation Extensions */ = {
			isa = PBXCopyFilesBuildPhase;
			buildActionMask = 2147483647;
			dstPath = "";
			dstSubfolderSpec = 13;
			files = (
				EBF80B702FAEABD000BB132E /* ClaudeStatusWidgetExtension.appex in Embed Foundation Extensions */,
			);
			name = "Embed Foundation Extensions";
			runOnlyForDeploymentPostprocessing = 0;
		};
/* End PBXCopyFilesBuildPhase section */

/* Begin PBXFileReference section */
		EBF80B4A2FAEA92300BB132E /* ClaudeStatus.app */ = {isa = PBXFileReference; explicitFileType = wrapper.application; includeInIndex = 0; path = ClaudeStatus.app; sourceTree = BUILT_PRODUCTS_DIR; };
		EBF80B5C2FAEABCE00BB132E /* ClaudeStatusWidgetExtension.appex */ = {isa = PBXFileReference; explicitFileType = "wrapper.app-extension"; includeInIndex = 0; path = ClaudeStatusWidgetExtension.appex; sourceTree = BUILT_PRODUCTS_DIR; };
		EBF80B5E2FAEABCE00BB132E /* WidgetKit.framework */ = {isa = PBXFileReference; lastKnownFileType = wrapper.framework; name = WidgetKit.framework; path = System/Library/Frameworks/WidgetKit.framework; sourceTree = SDKROOT; };
		EBF80B602FAEABCE00BB132E /* SwiftUI.framework */ = {isa = PBXFileReference; lastKnownFileType = wrapper.framework; name = SwiftUI.framework; path = System/Library/Frameworks/SwiftUI.framework; sourceTree = SDKROOT; };
		EBF80B7C2FAEB6A300BB132E /* ClaudeStatusWidgetExtension.entitlements */ = {isa = PBXFileReference; lastKnownFileType = text.plist.entitlements; path = ClaudeStatusWidgetExtension.entitlements; sourceTree = "<group>"; };
/* End PBXFileReference section */

/* Begin PBXFileSystemSynchronizedBuildFileExceptionSet section */
		EBF80B712FAEABD000BB132E /* Exceptions for "ClaudeStatusWidget" folder in "ClaudeStatusWidgetExtension" target */ = {
			isa = PBXFileSystemSynchronizedBuildFileExceptionSet;
			membershipExceptions = (
				Info.plist,
			);
			target = EBF80B5B2FAEABCE00BB132E /* ClaudeStatusWidgetExtension */;
		};
/* End PBXFileSystemSynchronizedBuildFileExceptionSet section */

/* Begin PBXFileSystemSynchronizedRootGroup section */
		EBF80B4C2FAEA92300BB132E /* ClaudeStatus */ = {
			isa = PBXFileSystemSynchronizedRootGroup;
			path = ClaudeStatus;
			sourceTree = "<group>";
		};
		EBF80B622FAEABCE00BB132E /* ClaudeStatusWidget */ = {
			isa = PBXFileSystemSynchronizedRootGroup;
			exceptions = (
				EBF80B712FAEABD000BB132E /* Exceptions for "ClaudeStatusWidget" folder in "ClaudeStatusWidgetExtension" target */,
			);
			path = ClaudeStatusWidget;
			sourceTree = "<group>";
		};
/* End PBXFileSystemSynchronizedRootGroup section */

/* Begin PBXFrameworksBuildPhase section */
		EBF80B472FAEA92300BB132E /* Frameworks */ = {
			isa = PBXFrameworksBuildPhase;
			buildActionMask = 2147483647;
			files = (
				EBF80B782FAEB0FE00BB132E /* ClaudeStatusCore in Frameworks */,
				EBF80B812FAEC40B00BB132E /* Sparkle in Frameworks */,
			);
			runOnlyForDeploymentPostprocessing = 0;
		};
		EBF80B592FAEABCE00BB132E /* Frameworks */ = {
			isa = PBXFrameworksBuildPhase;
			buildActionMask = 2147483647;
			files = (
				EBF80B7A2FAEB14A00BB132E /* ClaudeStatusCore in Frameworks */,
				EBF80B612FAEABCE00BB132E /* SwiftUI.framework in Frameworks */,
				EBF80B5F2FAEABCE00BB132E /* WidgetKit.framework in Frameworks */,
			);
			runOnlyForDeploymentPostprocessing = 0;
		};
/* End PBXFrameworksBuildPhase section */

/* Begin PBXGroup section */
		EBF80B412FAEA92300BB132E = {
			isa = PBXGroup;
			children = (
				EBF80B7C2FAEB6A300BB132E /* ClaudeStatusWidgetExtension.entitlements */,
				EBF80B4C2FAEA92300BB132E /* ClaudeStatus */,
				EBF80B622FAEABCE00BB132E /* ClaudeStatusWidget */,
				EBF80B5D2FAEABCE00BB132E /* Frameworks */,
				EBF80B4B2FAEA92300BB132E /* Products */,
			);
			sourceTree = "<group>";
		};
		EBF80B4B2FAEA92300BB132E /* Products */ = {
			isa = PBXGroup;
			children = (
				EBF80B4A2FAEA92300BB132E /* ClaudeStatus.app */,
				EBF80B5C2FAEABCE00BB132E /* ClaudeStatusWidgetExtension.appex */,
			);
			name = Products;
			sourceTree = "<group>";
		};
		EBF80B5D2FAEABCE00BB132E /* Frameworks */ = {
			isa = PBXGroup;
			children = (
				EBF80B5E2FAEABCE00BB132E /* WidgetKit.framework */,
				EBF80B602FAEABCE00BB132E /* SwiftUI.framework */,
			);
			name = Frameworks;
			sourceTree = "<group>";
		};
/* End PBXGroup section */

/* Begin PBXNativeTarget section */
		EBF80B492FAEA92300BB132E /* ClaudeStatus */ = {
			isa = PBXNativeTarget;
			buildConfigurationList = EBF80B552FAEA92400BB132E /* Build configuration list for PBXNativeTarget "ClaudeStatus" */;
			buildPhases = (
				EBF80B462FAEA92300BB132E /* Sources */,
				EBF80B472FAEA92300BB132E /* Frameworks */,
				EBF80B482FAEA92300BB132E /* Resources */,
				EBF80B752FAEABD000BB132E /* Embed Foundation Extensions */,
			);
			buildRules = (
			);
			dependencies = (
				EBF80B6F2FAEABD000BB132E /* PBXTargetDependency */,
			);
			fileSystemSynchronizedGroups = (
				EBF80B4C2FAEA92300BB132E /* ClaudeStatus */,
			);
			name = ClaudeStatus;
			packageProductDependencies = (
				EBF80B772FAEB0FE00BB132E /* ClaudeStatusCore */,
				EBF80B802FAEC40B00BB132E /* Sparkle */,
			);
			productName = ClaudeStatus;
			productReference = EBF80B4A2FAEA92300BB132E /* ClaudeStatus.app */;
			productType = "com.apple.product-type.application";
		};
		EBF80B5B2FAEABCE00BB132E /* ClaudeStatusWidgetExtension */ = {
			isa = PBXNativeTarget;
			buildConfigurationList = EBF80B722FAEABD000BB132E /* Build configuration list for PBXNativeTarget "ClaudeStatusWidgetExtension" */;
			buildPhases = (
				EBF80B582FAEABCE00BB132E /* Sources */,
				EBF80B592FAEABCE00BB132E /* Frameworks */,
				EBF80B5A2FAEABCE00BB132E /* Resources */,
			);
			buildRules = (
			);
			dependencies = (
			);
			fileSystemSynchronizedGroups = (
				EBF80B622FAEABCE00BB132E /* ClaudeStatusWidget */,
			);
			name = ClaudeStatusWidgetExtension;
			packageProductDependencies = (
				EBF80B792FAEB14A00BB132E /* ClaudeStatusCore */,
			);
			productName = ClaudeStatusWidgetExtension;
			productReference = EBF80B5C2FAEABCE00BB132E /* ClaudeStatusWidgetExtension.appex */;
			productType = "com.apple.product-type.app-extension";
		};
/* End PBXNativeTarget section */

/* Begin PBXProject section */
		EBF80B422FAEA92300BB132E /* Project object */ = {
			isa = PBXProject;
			attributes = {
				BuildIndependentTargetsInParallel = 1;
				LastSwiftUpdateCheck = 2640;
				LastUpgradeCheck = 2640;
				TargetAttributes = {
					EBF80B492FAEA92300BB132E = {
						CreatedOnToolsVersion = 26.4.1;
					};
					EBF80B5B2FAEABCE00BB132E = {
						CreatedOnToolsVersion = 26.4.1;
					};
				};
			};
			buildConfigurationList = EBF80B452FAEA92300BB132E /* Build configuration list for PBXProject "ClaudeStatus" */;
			developmentRegion = en;
			hasScannedForEncodings = 0;
			knownRegions = (
				en,
				Base,
			);
			mainGroup = EBF80B412FAEA92300BB132E;
			minimizedProjectReferenceProxies = 1;
			packageReferences = (
				EBF80B762FAEB0FE00BB132E /* XCLocalSwiftPackageReference "ClaudeStatusCore" */,
				EBF80B7F2FAEC40B00BB132E /* XCRemoteSwiftPackageReference "Sparkle" */,
			);
			preferredProjectObjectVersion = 77;
			productRefGroup = EBF80B4B2FAEA92300BB132E /* Products */;
			projectDirPath = "";
			projectRoot = "";
			targets = (
				EBF80B492FAEA92300BB132E /* ClaudeStatus */,
				EBF80B5B2FAEABCE00BB132E /* ClaudeStatusWidgetExtension */,
			);
		};
/* End PBXProject section */

/* Begin PBXResourcesBuildPhase section */
		EBF80B482FAEA92300BB132E /* Resources */ = {
			isa = PBXResourcesBuildPhase;
			buildActionMask = 2147483647;
			files = (
			);
			runOnlyForDeploymentPostprocessing = 0;
		};
		EBF80B5A2FAEABCE00BB132E /* Resources */ = {
			isa = PBXResourcesBuildPhase;
			buildActionMask = 2147483647;
			files = (
			);
			runOnlyForDeploymentPostprocessing = 0;
		};
/* End PBXResourcesBuildPhase section */

/* Begin PBXSourcesBuildPhase section */
		EBF80B462FAEA92300BB132E /* Sources */ = {
			isa = PBXSourcesBuildPhase;
			buildActionMask = 2147483647;
			files = (
			);
			runOnlyForDeploymentPostprocessing = 0;
		};
		EBF80B582FAEABCE00BB132E /* Sources */ = {
			isa = PBXSourcesBuildPhase;
			buildActionMask = 2147483647;
			files = (
			);
			runOnlyForDeploymentPostprocessing = 0;
		};
/* End PBXSourcesBuildPhase section */

/* Begin PBXTargetDependency section */
		EBF80B6F2FAEABD000BB132E /* PBXTargetDependency */ = {
			isa = PBXTargetDependency;
			target = EBF80B5B2FAEABCE00BB132E /* ClaudeStatusWidgetExtension */;
			targetProxy = EBF80B6E2FAEABD000BB132E /* PBXContainerItemProxy */;
		};
/* End PBXTargetDependency section */

/* Begin XCBuildConfiguration section */
		EBF80B532FAEA92400BB132E /* Debug */ = {
			isa = XCBuildConfiguration;
			buildSettings = {
				ALWAYS_SEARCH_USER_PATHS = NO;
				ASSETCATALOG_COMPILER_GENERATE_SWIFT_ASSET_SYMBOL_EXTENSIONS = YES;
				CLANG_ANALYZER_NONNULL = YES;
				CLANG_ANALYZER_NUMBER_OBJECT_CONVERSION = YES_AGGRESSIVE;
				CLANG_CXX_LANGUAGE_STANDARD = "gnu++20";
				CLANG_ENABLE_MODULES = YES;
				CLANG_ENABLE_OBJC_ARC = YES;
				CLANG_ENABLE_OBJC_WEAK = YES;
				CLANG_WARN_BLOCK_CAPTURE_AUTORELEASING = YES;
				CLANG_WARN_BOOL_CONVERSION = YES;
				CLANG_WARN_COMMA = YES;
				CLANG_WARN_CONSTANT_CONVERSION = YES;
				CLANG_WARN_DEPRECATED_OBJC_IMPLEMENTATIONS = YES;
				CLANG_WARN_DIRECT_OBJC_ISA_USAGE = YES_ERROR;
				CLANG_WARN_DOCUMENTATION_COMMENTS = YES;
				CLANG_WARN_EMPTY_BODY = YES;
				CLANG_WARN_ENUM_CONVERSION = YES;
				CLANG_WARN_INFINITE_RECURSION = YES;
				CLANG_WARN_INT_CONVERSION = YES;
				CLANG_WARN_NON_LITERAL_NULL_CONVERSION = YES;
				CLANG_WARN_OBJC_IMPLICIT_RETAIN_SELF = YES;
				CLANG_WARN_OBJC_LITERAL_CONVERSION = YES;
				CLANG_WARN_OBJC_ROOT_CLASS = YES_ERROR;
				CLANG_WARN_QUOTED_INCLUDE_IN_FRAMEWORK_HEADER = YES;
				CLANG_WARN_RANGE_LOOP_ANALYSIS = YES;
				CLANG_WARN_STRICT_PROTOTYPES = YES;
				CLANG_WARN_SUSPICIOUS_MOVE = YES;
				CLANG_WARN_UNGUARDED_AVAILABILITY = YES_AGGRESSIVE;
				CLANG_WARN_UNREACHABLE_CODE = YES;
				CLANG_WARN__DUPLICATE_METHOD_MATCH = YES;
				COPY_PHASE_STRIP = NO;
				DEBUG_INFORMATION_FORMAT = dwarf;
				DEVELOPMENT_TEAM = KA8W38TG5Q;
				ENABLE_STRICT_OBJC_MSGSEND = YES;
				ENABLE_TESTABILITY = YES;
				ENABLE_USER_SCRIPT_SANDBOXING = YES;
				GCC_C_LANGUAGE_STANDARD = gnu17;
				GCC_DYNAMIC_NO_PIC = NO;
				GCC_NO_COMMON_BLOCKS = YES;
				GCC_OPTIMIZATION_LEVEL = 0;
				GCC_PREPROCESSOR_DEFINITIONS = (
					"DEBUG=1",
					"$(inherited)",
				);
				GCC_WARN_64_TO_32_BIT_CONVERSION = YES;
				GCC_WARN_ABOUT_RETURN_TYPE = YES_ERROR;
				GCC_WARN_UNDECLARED_SELECTOR = YES;
				GCC_WARN_UNINITIALIZED_AUTOS = YES_AGGRESSIVE;
				GCC_WARN_UNUSED_FUNCTION = YES;
				GCC_WARN_UNUSED_VARIABLE = YES;
				LOCALIZATION_PREFERS_STRING_CATALOGS = YES;
				MACOSX_DEPLOYMENT_TARGET = 26.4;
				MTL_ENABLE_DEBUG_INFO = INCLUDE_SOURCE;
				MTL_FAST_MATH = YES;
				ONLY_ACTIVE_ARCH = YES;
				SDKROOT = macosx;
				SWIFT_ACTIVE_COMPILATION_CONDITIONS = "DEBUG $(inherited)";
				SWIFT_OPTIMIZATION_LEVEL = "-Onone";
			};
			name = Debug;
		};
		EBF80B542FAEA92400BB132E /* Release */ = {
			isa = XCBuildConfiguration;
			buildSettings = {
				ALWAYS_SEARCH_USER_PATHS = NO;
				ASSETCATALOG_COMPILER_GENERATE_SWIFT_ASSET_SYMBOL_EXTENSIONS = YES;
				CLANG_ANALYZER_NONNULL = YES;
				CLANG_ANALYZER_NUMBER_OBJECT_CONVERSION = YES_AGGRESSIVE;
				CLANG_CXX_LANGUAGE_STANDARD = "gnu++20";
				CLANG_ENABLE_MODULES = YES;
				CLANG_ENABLE_OBJC_ARC = YES;
				CLANG_ENABLE_OBJC_WEAK = YES;
				CLANG_WARN_BLOCK_CAPTURE_AUTORELEASING = YES;
				CLANG_WARN_BOOL_CONVERSION = YES;
				CLANG_WARN_COMMA = YES;
				CLANG_WARN_CONSTANT_CONVERSION = YES;
				CLANG_WARN_DEPRECATED_OBJC_IMPLEMENTATIONS = YES;
				CLANG_WARN_DIRECT_OBJC_ISA_USAGE = YES_ERROR;
				CLANG_WARN_DOCUMENTATION_COMMENTS = YES;
				CLANG_WARN_EMPTY_BODY = YES;
				CLANG_WARN_ENUM_CONVERSION = YES;
				CLANG_WARN_INFINITE_RECURSION = YES;
				CLANG_WARN_INT_CONVERSION = YES;
				CLANG_WARN_NON_LITERAL_NULL_CONVERSION = YES;
				CLANG_WARN_OBJC_IMPLICIT_RETAIN_SELF = YES;
				CLANG_WARN_OBJC_LITERAL_CONVERSION = YES;
				CLANG_WARN_OBJC_ROOT_CLASS = YES_ERROR;
				CLANG_WARN_QUOTED_INCLUDE_IN_FRAMEWORK_HEADER = YES;
				CLANG_WARN_RANGE_LOOP_ANALYSIS = YES;
				CLANG_WARN_STRICT_PROTOTYPES = YES;
				CLANG_WARN_SUSPICIOUS_MOVE = YES;
				CLANG_WARN_UNGUARDED_AVAILABILITY = YES_AGGRESSIVE;
				CLANG_WARN_UNREACHABLE_CODE = YES;
				CLANG_WARN__DUPLICATE_METHOD_MATCH = YES;
				COPY_PHASE_STRIP = NO;
				DEBUG_INFORMATION_FORMAT = "dwarf-with-dsym";
				DEVELOPMENT_TEAM = KA8W38TG5Q;
				ENABLE_NS_ASSERTIONS = NO;
				ENABLE_STRICT_OBJC_MSGSEND = YES;
				ENABLE_USER_SCRIPT_SANDBOXING = YES;
				GCC_C_LANGUAGE_STANDARD = gnu17;
				GCC_NO_COMMON_BLOCKS = YES;
				GCC_WARN_64_TO_32_BIT_CONVERSION = YES;
				GCC_WARN_ABOUT_RETURN_TYPE = YES_ERROR;
				GCC_WARN_UNDECLARED_SELECTOR = YES;
				GCC_WARN_UNINITIALIZED_AUTOS = YES_AGGRESSIVE;
				GCC_WARN_UNUSED_FUNCTION = YES;
				GCC_WARN_UNUSED_VARIABLE = YES;
				LOCALIZATION_PREFERS_STRING_CATALOGS = YES;
				MACOSX_DEPLOYMENT_TARGET = 26.4;
				MTL_ENABLE_DEBUG_INFO = NO;
				MTL_FAST_MATH = YES;
				SDKROOT = macosx;
				SWIFT_COMPILATION_MODE = wholemodule;
			};
			name = Release;
		};
		EBF80B562FAEA92400BB132E /* Debug */ = {
			isa = XCBuildConfiguration;
			buildSettings = {
				ASSETCATALOG_COMPILER_APPICON_NAME = AppIcon;
				ASSETCATALOG_COMPILER_GLOBAL_ACCENT_COLOR_NAME = AccentColor;
				CODE_SIGN_ENTITLEMENTS = ClaudeStatus/ClaudeStatus.entitlements;
				CODE_SIGN_STYLE = Automatic;
				COMBINE_HIDPI_IMAGES = YES;
				CURRENT_PROJECT_VERSION = 2;
				DEVELOPMENT_TEAM = KA8W38TG5Q;
				ENABLE_APP_SANDBOX = YES;
				ENABLE_HARDENED_RUNTIME = YES;
				ENABLE_PREVIEWS = YES;
				ENABLE_USER_SELECTED_FILES = readonly;
				GENERATE_INFOPLIST_FILE = YES;
				INFOPLIST_KEY_NSHumanReadableCopyright = "";
				LD_RUNPATH_SEARCH_PATHS = (
					"$(inherited)",
					"@executable_path/../Frameworks",
				);
				MARKETING_VERSION = 1.1;
				PRODUCT_BUNDLE_IDENTIFIER = com.samcraft.ClaudeStatus;
				INFOPLIST_FILE = ClaudeStatus/Info.plist;
				PRODUCT_NAME = "$(TARGET_NAME)";
				REGISTER_APP_GROUPS = YES;
				STRING_CATALOG_GENERATE_SYMBOLS = YES;
				SWIFT_APPROACHABLE_CONCURRENCY = YES;
				SWIFT_DEFAULT_ACTOR_ISOLATION = MainActor;
				SWIFT_EMIT_LOC_STRINGS = YES;
				SWIFT_UPCOMING_FEATURE_MEMBER_IMPORT_VISIBILITY = YES;
				SWIFT_VERSION = 5.0;
			};
			name = Debug;
		};
		EBF80B572FAEA92400BB132E /* Release */ = {
			isa = XCBuildConfiguration;
			buildSettings = {
				ASSETCATALOG_COMPILER_APPICON_NAME = AppIcon;
				ASSETCATALOG_COMPILER_GLOBAL_ACCENT_COLOR_NAME = AccentColor;
				CODE_SIGN_ENTITLEMENTS = ClaudeStatus/ClaudeStatus.entitlements;
				CODE_SIGN_STYLE = Automatic;
				COMBINE_HIDPI_IMAGES = YES;
				CURRENT_PROJECT_VERSION = 2;
				DEVELOPMENT_TEAM = KA8W38TG5Q;
				ENABLE_APP_SANDBOX = YES;
				ENABLE_HARDENED_RUNTIME = YES;
				ENABLE_PREVIEWS = YES;
				ENABLE_USER_SELECTED_FILES = readonly;
				GENERATE_INFOPLIST_FILE = YES;
				INFOPLIST_KEY_NSHumanReadableCopyright = "";
				LD_RUNPATH_SEARCH_PATHS = (
					"$(inherited)",
					"@executable_path/../Frameworks",
				);
				MARKETING_VERSION = 1.1;
				PRODUCT_BUNDLE_IDENTIFIER = com.samcraft.ClaudeStatus;
				INFOPLIST_FILE = ClaudeStatus/Info.plist;
				PRODUCT_NAME = "$(TARGET_NAME)";
				REGISTER_APP_GROUPS = YES;
				STRING_CATALOG_GENERATE_SYMBOLS = YES;
				SWIFT_APPROACHABLE_CONCURRENCY = YES;
				SWIFT_DEFAULT_ACTOR_ISOLATION = MainActor;
				SWIFT_EMIT_LOC_STRINGS = YES;
				SWIFT_UPCOMING_FEATURE_MEMBER_IMPORT_VISIBILITY = YES;
				SWIFT_VERSION = 5.0;
			};
			name = Release;
		};
		EBF80B732FAEABD000BB132E /* Debug */ = {
			isa = XCBuildConfiguration;
			buildSettings = {
				ASSETCATALOG_COMPILER_GLOBAL_ACCENT_COLOR_NAME = AccentColor;
				ASSETCATALOG_COMPILER_WIDGET_BACKGROUND_COLOR_NAME = WidgetBackground;
				CODE_SIGN_ENTITLEMENTS = ClaudeStatusWidgetExtension.entitlements;
				CODE_SIGN_IDENTITY = "Apple Development";
				CODE_SIGN_STYLE = Automatic;
				CURRENT_PROJECT_VERSION = 2;
				DEVELOPMENT_TEAM = KA8W38TG5Q;
				ENABLE_APP_SANDBOX = YES;
				ENABLE_HARDENED_RUNTIME = YES;
				GENERATE_INFOPLIST_FILE = YES;
				INFOPLIST_FILE = ClaudeStatusWidget/Info.plist;
				INFOPLIST_KEY_CFBundleDisplayName = ClaudeStatusWidget;
				INFOPLIST_KEY_NSHumanReadableCopyright = "";
				LD_RUNPATH_SEARCH_PATHS = (
					"$(inherited)",
					"@executable_path/../Frameworks",
					"@executable_path/../../../../Frameworks",
				);
				MACOSX_DEPLOYMENT_TARGET = 26.4;
				MARKETING_VERSION = 1.1;
				PRODUCT_BUNDLE_IDENTIFIER = com.samcraft.ClaudeStatus.ClaudeStatusWidget;
				PRODUCT_NAME = "$(TARGET_NAME)";
				PROVISIONING_PROFILE_SPECIFIER = "";
				REGISTER_APP_GROUPS = YES;
				SKIP_INSTALL = YES;
				STRING_CATALOG_GENERATE_SYMBOLS = YES;
				SWIFT_APPROACHABLE_CONCURRENCY = YES;
				SWIFT_EMIT_LOC_STRINGS = YES;
				SWIFT_UPCOMING_FEATURE_MEMBER_IMPORT_VISIBILITY = YES;
				SWIFT_VERSION = 5.0;
			};
			name = Debug;
		};
		EBF80B742FAEABD000BB132E /* Release */ = {
			isa = XCBuildConfiguration;
			buildSettings = {
				ASSETCATALOG_COMPILER_GLOBAL_ACCENT_COLOR_NAME = AccentColor;
				ASSETCATALOG_COMPILER_WIDGET_BACKGROUND_COLOR_NAME = WidgetBackground;
				CODE_SIGN_ENTITLEMENTS = ClaudeStatusWidgetExtension.entitlements;
				CODE_SIGN_IDENTITY = "Apple Development";
				CODE_SIGN_STYLE = Automatic;
				CURRENT_PROJECT_VERSION = 2;
				DEVELOPMENT_TEAM = KA8W38TG5Q;
				ENABLE_APP_SANDBOX = YES;
				ENABLE_HARDENED_RUNTIME = YES;
				GENERATE_INFOPLIST_FILE = YES;
				INFOPLIST_FILE = ClaudeStatusWidget/Info.plist;
				INFOPLIST_KEY_CFBundleDisplayName = ClaudeStatusWidget;
				INFOPLIST_KEY_NSHumanReadableCopyright = "";
				LD_RUNPATH_SEARCH_PATHS = (
					"$(inherited)",
					"@executable_path/../Frameworks",
					"@executable_path/../../../../Frameworks",
				);
				MACOSX_DEPLOYMENT_TARGET = 26.4;
				MARKETING_VERSION = 1.1;
				PRODUCT_BUNDLE_IDENTIFIER = com.samcraft.ClaudeStatus.ClaudeStatusWidget;
				PRODUCT_NAME = "$(TARGET_NAME)";
				PROVISIONING_PROFILE_SPECIFIER = "";
				REGISTER_APP_GROUPS = YES;
				SKIP_INSTALL = YES;
				STRING_CATALOG_GENERATE_SYMBOLS = YES;
				SWIFT_APPROACHABLE_CONCURRENCY = YES;
				SWIFT_EMIT_LOC_STRINGS = YES;
				SWIFT_UPCOMING_FEATURE_MEMBER_IMPORT_VISIBILITY = YES;
				SWIFT_VERSION = 5.0;
			};
			name = Release;
		};
/* End XCBuildConfiguration section */

/* Begin XCConfigurationList section */
		EBF80B452FAEA92300BB132E /* Build configuration list for PBXProject "ClaudeStatus" */ = {
			isa = XCConfigurationList;
			buildConfigurations = (
				EBF80B532FAEA92400BB132E /* Debug */,
				EBF80B542FAEA92400BB132E /* Release */,
			);
			defaultConfigurationIsVisible = 0;
			defaultConfigurationName = Release;
		};
		EBF80B552FAEA92400BB132E /* Build configuration list for PBXNativeTarget "ClaudeStatus" */ = {
			isa = XCConfigurationList;
			buildConfigurations = (
				EBF80B562FAEA92400BB132E /* Debug */,
				EBF80B572FAEA92400BB132E /* Release */,
			);
			defaultConfigurationIsVisible = 0;
			defaultConfigurationName = Release;
		};
		EBF80B722FAEABD000BB132E /* Build configuration list for PBXNativeTarget "ClaudeStatusWidgetExtension" */ = {
			isa = XCConfigurationList;
			buildConfigurations = (
				EBF80B732FAEABD000BB132E /* Debug */,
				EBF80B742FAEABD000BB132E /* Release */,
			);
			defaultConfigurationIsVisible = 0;
			defaultConfigurationName = Release;
		};
/* End XCConfigurationList section */

/* Begin XCLocalSwiftPackageReference section */
		EBF80B762FAEB0FE00BB132E /* XCLocalSwiftPackageReference "ClaudeStatusCore" */ = {
			isa = XCLocalSwiftPackageReference;
			relativePath = ClaudeStatusCore;
		};
/* End XCLocalSwiftPackageReference section */

/* Begin XCRemoteSwiftPackageReference section */
		EBF80B7F2FAEC40B00BB132E /* XCRemoteSwiftPackageReference "Sparkle" */ = {
			isa = XCRemoteSwiftPackageReference;
			repositoryURL = "https://github.com/sparkle-project/Sparkle";
			requirement = {
				kind = upToNextMajorVersion;
				minimumVersion = 2.9.1;
			};
		};
/* End XCRemoteSwiftPackageReference section */

/* Begin XCSwiftPackageProductDependency section */
		EBF80B772FAEB0FE00BB132E /* ClaudeStatusCore */ = {
			isa = XCSwiftPackageProductDependency;
			productName = ClaudeStatusCore;
		};
		EBF80B792FAEB14A00BB132E /* ClaudeStatusCore */ = {
			isa = XCSwiftPackageProductDependency;
			package = EBF80B762FAEB0FE00BB132E /* XCLocalSwiftPackageReference "ClaudeStatusCore" */;
			productName = ClaudeStatusCore;
		};
		EBF80B802FAEC40B00BB132E /* Sparkle */ = {
			isa = XCSwiftPackageProductDependency;
			package = EBF80B7F2FAEC40B00BB132E /* XCRemoteSwiftPackageReference "Sparkle" */;
			productName = Sparkle;
		};
/* End XCSwiftPackageProductDependency section */
	};
	rootObject = EBF80B422FAEA92300BB132E /* Project object */;
}
